
Microsoft Visual Studio Solution File, Format Version 12.00
# Visual Studio Version 17
VisualStudioVersion = 17.3.32929.385
MinimumVisualStudioVersion = 10.0.40219.1
Project("{FAE04EC0-301F-11D3-BF4B-00C04F79EFBC}") = "DemoMinimalAPI", "DemoMinimalAPI.csproj", "{51DF3788-CC18-4BFF-A168-E75B823FDBAC}"
EndProject
Global
	GlobalSection(SolutionConfigurationPlatforms) = preSolution
		Debug|Any CPU = Debug|Any CPU
		Release|Any CPU = Release|Any CPU
	EndGlobalSection
	GlobalSection(ProjectConfigurationPlatforms) = postSolution
		{51DF3788-CC18-4BFF-A168-E75B823FDBAC}.Debug|Any CPU.ActiveCfg = Debug|Any CPU
		{51DF3788-CC18-4BFF-A168-E75B823FDBAC}.Debug|Any CPU.Build.0 = Debug|Any CPU
		{51DF3788-CC18-4BFF-A168-E75B823FDBAC}.Release|Any CPU.ActiveCfg = Release|Any CPU
		{51DF3788-CC18-4BFF-A168-E75B823FDBAC}.Release|Any CPU.Build.0 = Release|Any CPU
	EndGlobalSection
	GlobalSection(SolutionProperties) = preSolution
		HideSolutionNode = FALSE
	EndGlobalSection
	GlobalSection(ExtensibilityGlobals) = postSolution
		SolutionGuid = {E7F26D02-E1EA-40D8-A408-5EDFF23ADCB6}
	EndGlobalSection
EndGlobal
